// !$*UTF8*$!
{
	archiveVersion = 1;
	classes = {
	};
	objectVersion = 77;
	objects = {

/* Begin PBXBuildFile section */
		7367EEF22EF6B98E0054FCA3 /* Backend in Frameworks */ = {isa = PBXBuildFile; productRef = 7367EEF12EF6B98E0054FCA3 /* Backend */; };
		7367EEF42EF6B98E0054FCA3 /* Common in Frameworks */ = {isa = PBXBuildFile; productRef = 7367EEF32EF6B98E0054FCA3 /* Common */; };
		7367EEF62EF6B98E0054FCA3 /* CommonUI in Frameworks */ = {isa = PBXBuildFile; productRef = 7367EEF52EF6B98E0054FCA3 /* CommonUI */; };
		7367EFCF2EF6C3ED0054FCA3 /* Flow in Frameworks */ = {isa = PBXBuildFile; productRef = 7367EFCE2EF6C3ED0054FCA3 /* Flow */; };
		7367F1DF2EF787A30054FCA3 /* Subsystems in Frameworks */ = {isa = PBXBuildFile; productRef = 7367F1DE2EF787A30054FCA3 /* Subsystems */; };
		7367F1E12EF787A80054FCA3 /* Flow in Frameworks */ = {isa = PBXBuildFile; productRef = 7367F1E02EF787A80054FCA3 /* Flow */; };
		7367F1E32EF787B00054FCA3 /* Common in Frameworks */ = {isa = PBXBuildFile; productRef = 7367F1E22EF787B00054FCA3 /* Common */; };
		7367F1E52EF787B00054FCA3 /* CommonUI in Frameworks */ = {isa = PBXBuildFile; productRef = 7367F1E42EF787B00054FCA3 /* CommonUI */; };
		7367F1F92EF7BD630054FCA3 /* LocalIP in Resources */ = {isa = PBXBuildFile; fileRef = 7367F1F82EF7BD630054FCA3 /* LocalIP */; };
		7367F1FA2EF7BD630054FCA3 /* LocalIP in Resources */ = {isa = PBXBuildFile; fileRef = 7367F1F82EF7BD630054FCA3 /* LocalIP */; };
/* End PBXBuildFile section */

/* Begin PBXFileReference section */
		7367EED32EF6B81D0054FCA3 /* SuperDuck.app */ = {isa = PBXFileReference; explicitFileType = wrapper.application; includeInIndex = 0; path = SuperDuck.app; sourceTree = BUILT_PRODUCTS_DIR; };
		7367EF062EF6B99A0054FCA3 /* SuperDuck-Local.app */ = {isa = PBXFileReference; explicitFileType = wrapper.application; includeInIndex = 0; path = "SuperDuck-Local.app"; sourceTree = BUILT_PRODUCTS_DIR; };
		7367EFE62EF76F360054FCA3 /* Subsystems */ = {isa = PBXFileReference; lastKnownFileType = wrapper; path = Subsystems; sourceTree = "<group>"; };
		7367F1422EF779540054FCA3 /* Info.plist */ = {isa = PBXFileReference; lastKnownFileType = text.plist.xml; path = Info.plist; sourceTree = "<group>"; };
		7367F1F72EF7BC3B0054FCA3 /* Prebuild.sh */ = {isa = PBXFileReference; lastKnownFileType = text.script.sh; path = Prebuild.sh; sourceTree = "<group>"; };
		7367F1F82EF7BD630054FCA3 /* LocalIP */ = {isa = PBXFileReference; lastKnownFileType = text; path = LocalIP; sourceTree = "<group>"; };
		7367F1FC2EF7C0E10054FCA3 /* .gitignore */ = {isa = PBXFileReference; lastKnownFileType = text; path = .gitignore; sourceTree = "<group>"; };
/* End PBXFileReference section */

/* Begin PBXFileSystemSynchronizedRootGroup section */
		7367F1312EF778960054FCA3 /* App */ = {
			isa = PBXFileSystemSynchronizedRootGroup;
			path = App;
			sourceTree = "<group>";
		};
/* End PBXFileSystemSynchronizedRootGroup section */

/* Begin PBXFrameworksBuildPhase section */
		7367EED02EF6B81D0054FCA3 /* Frameworks */ = {
			isa = PBXFrameworksBuildPhase;
			buildActionMask = 2147483647;
			files = (
				7367EFCF2EF6C3ED0054FCA3 /* Flow in Frameworks */,
				7367EEF22EF6B98E0054FCA3 /* Backend in Frameworks */,
				7367EEF42EF6B98E0054FCA3 /* Common in Frameworks */,
				7367EEF62EF6B98E0054FCA3 /* CommonUI in Frameworks */,
			);
			runOnlyForDeploymentPostprocessing = 0;
		};
		7367EEFD2EF6B99A0054FCA3 /* Frameworks */ = {
			isa = PBXFrameworksBuildPhase;
			buildActionMask = 2147483647;
			files = (
				7367F1E12EF787A80054FCA3 /* Flow in Frameworks */,
				7367F1DF2EF787A30054FCA3 /* Subsystems in Frameworks */,
				7367F1E32EF787B00054FCA3 /* Common in Frameworks */,
				7367F1E52EF787B00054FCA3 /* CommonUI in Frameworks */,
			);
			runOnlyForDeploymentPostprocessing = 0;
		};
/* End PBXFrameworksBuildPhase section */

/* Begin PBXGroup section */
		7367EECA2EF6B81D0054FCA3 = {
			isa = PBXGroup;
			children = (
				7367F1312EF778960054FCA3 /* App */,
				7367EFE62EF76F360054FCA3 /* Subsystems */,
				7367F1FC2EF7C0E10054FCA3 /* .gitignore */,
				7367F1422EF779540054FCA3 /* Info.plist */,
				7367F1F72EF7BC3B0054FCA3 /* Prebuild.sh */,
				7367F1F82EF7BD630054FCA3 /* LocalIP */,
				7367EEEE2EF6B98E0054FCA3 /* Frameworks */,
				7367EED42EF6B81D0054FCA3 /* Products */,
			);
			sourceTree = "<group>";
		};
		7367EED42EF6B81D0054FCA3 /* Products */ = {
			isa = PBXGroup;
			children = (
				7367EED32EF6B81D0054FCA3 /* SuperDuck.app */,
				7367EF062EF6B99A0054FCA3 /* SuperDuck-Local.app */,
			);
			name = Products;
			sourceTree = "<group>";
		};
		7367EEEE2EF6B98E0054FCA3 /* Frameworks */ = {
			isa = PBXGroup;
			children = (
			);
			name = Frameworks;
			sourceTree = "<group>";
		};
/* End PBXGroup section */

/* Begin PBXNativeTarget section */
		7367EED22EF6B81D0054FCA3 /* SuperDuck */ = {
			isa = PBXNativeTarget;
			buildConfigurationList = 7367EEDE2EF6B81F0054FCA3 /* Build configuration list for PBXNativeTarget "SuperDuck" */;
			buildPhases = (
				7367EECF2EF6B81D0054FCA3 /* Sources */,
				7367EED02EF6B81D0054FCA3 /* Frameworks */,
				7367EED12EF6B81D0054FCA3 /* Resources */,
			);
			buildRules = (
			);
			dependencies = (
			);
			fileSystemSynchronizedGroups = (
				7367F1312EF778960054FCA3 /* App */,
			);
			name = SuperDuck;
			packageProductDependencies = (
				7367EEF12EF6B98E0054FCA3 /* Backend */,
				7367EEF32EF6B98E0054FCA3 /* Common */,
				7367EEF52EF6B98E0054FCA3 /* CommonUI */,
				7367EFCE2EF6C3ED0054FCA3 /* Flow */,
			);
			productName = SuperDuck;
			productReference = 7367EED32EF6B81D0054FCA3 /* SuperDuck.app */;
			productType = "com.apple.product-type.application";
		};
		7367EEF72EF6B99A0054FCA3 /* SuperDuck-Local */ = {
			isa = PBXNativeTarget;
			buildConfigurationList = 7367EF032EF6B99A0054FCA3 /* Build configuration list for PBXNativeTarget "SuperDuck-Local" */;
			buildPhases = (
				7367F1FB2EF7BD720054FCA3 /* Run Script (Prebuild) */,
				7367EEFC2EF6B99A0054FCA3 /* Sources */,
				7367EEFD2EF6B99A0054FCA3 /* Frameworks */,
				7367EF022EF6B99A0054FCA3 /* Resources */,
			);
			buildRules = (
			);
			dependencies = (
			);
			fileSystemSynchronizedGroups = (
				7367F1312EF778960054FCA3 /* App */,
			);
			name = "SuperDuck-Local";
			packageProductDependencies = (
				7367F1DE2EF787A30054FCA3 /* Subsystems */,
				7367F1E02EF787A80054FCA3 /* Flow */,
				7367F1E22EF787B00054FCA3 /* Common */,
				7367F1E42EF787B00054FCA3 /* CommonUI */,
			);
			productName = SuperDuck;
			productReference = 7367EF062EF6B99A0054FCA3 /* SuperDuck-Local.app */;
			productType = "com.apple.product-type.application";
		};
/* End PBXNativeTarget section */

/* Begin PBXProject section */
		7367EECB2EF6B81D0054FCA3 /* Project object */ = {
			isa = PBXProject;
			attributes = {
				BuildIndependentTargetsInParallel = 1;
				LastSwiftUpdateCheck = 2620;
				LastUpgradeCheck = 2620;
				TargetAttributes = {
					7367EED22EF6B81D0054FCA3 = {
						CreatedOnToolsVersion = 26.2;
					};
				};
			};
			buildConfigurationList = 7367EECE2EF6B81D0054FCA3 /* Build configuration list for PBXProject "SuperDuck" */;
			developmentRegion = en;
			hasScannedForEncodings = 0;
			knownRegions = (
				en,
				Base,
			);
			mainGroup = 7367EECA2EF6B81D0054FCA3;
			minimizedProjectReferenceProxies = 1;
			packageReferences = (
				7367EFCB2EF6C3E10054FCA3 /* XCRemoteSwiftPackageReference "SwiftUI-Flow" */,
			);
			preferredProjectObjectVersion = 77;
			productRefGroup = 7367EED42EF6B81D0054FCA3 /* Products */;
			projectDirPath = "";
			projectRoot = "";
			targets = (
				7367EED22EF6B81D0054FCA3 /* SuperDuck */,
				7367EEF72EF6B99A0054FCA3 /* SuperDuck-Local */,
			);
		};
/* End PBXProject section */

/* Begin PBXResourcesBuildPhase section */
		7367EED12EF6B81D0054FCA3 /* Resources */ = {
			isa = PBXResourcesBuildPhase;
			buildActionMask = 2147483647;
			files = (
				7367F1FA2EF7BD630054FCA3 /* LocalIP in Resources */,
			);
			runOnlyForDeploymentPostprocessing = 0;
		};
		7367EF022EF6B99A0054FCA3 /* Resources */ = {
			isa = PBXResourcesBuildPhase;
			buildActionMask = 2147483647;
			files = (
				7367F1F92EF7BD630054FCA3 /* LocalIP in Resources */,
			);
			runOnlyForDeploymentPostprocessing = 0;
		};
/* End PBXResourcesBuildPhase section */

/* Begin PBXShellScriptBuildPhase section */
		7367F1FB2EF7BD720054FCA3 /* Run Script (Prebuild) */ = {
			isa = PBXShellScriptBuildPhase;
			alwaysOutOfDate = 1;
			buildActionMask = 2147483647;
			files = (
			);
			inputFileListPaths = (
			);
			inputPaths = (
				"$(SRCROOT)/Prebuild.sh",
			);
			name = "Run Script (Prebuild)";
			outputFileListPaths = (
			);
			outputPaths = (
				"$(SRCROOT)/LocalIP",
			);
			runOnlyForDeploymentPostprocessing = 0;
			shellPath = /bin/sh;
			shellScript = "./Prebuild.sh\n";
		};
/* End PBXShellScriptBuildPhase section */

/* Begin PBXSourcesBuildPhase section */
		7367EECF2EF6B81D0054FCA3 /* Sources */ = {
			isa = PBXSourcesBuildPhase;
			buildActionMask = 2147483647;
			files = (
			);
			runOnlyForDeploymentPostprocessing = 0;
		};
		7367EEFC2EF6B99A0054FCA3 /* Sources */ = {
			isa = PBXSourcesBuildPhase;
			buildActionMask = 2147483647;
			files = (
			);
			runOnlyForDeploymentPostprocessing = 0;
		};
/* End PBXSourcesBuildPhase section */

/* Begin XCBuildConfiguration section */
		7367EEDC2EF6B81F0054FCA3 /* Debug */ = {
			isa = XCBuildConfiguration;
			buildSettings = {
				ALWAYS_SEARCH_USER_PATHS = NO;
				ASSETCATALOG_COMPILER_GENERATE_SWIFT_ASSET_SYMBOL_EXTENSIONS = YES;
				CLANG_ANALYZER_NONNULL = YES;
				CLANG_ANALYZER_NUMBER_OBJECT_CONVERSION = YES_AGGRESSIVE;
				CLANG_CXX_LANGUAGE_STANDARD = "gnu++20";
				CLANG_ENABLE_MODULES = YES;
				CLANG_ENABLE_OBJC_ARC = YES;
				CLANG_ENABLE_OBJC_WEAK = YES;
				CLANG_WARN_BLOCK_CAPTURE_AUTORELEASING = YES;
				CLANG_WARN_BOOL_CONVERSION = YES;
				CLANG_WARN_COMMA = YES;
				CLANG_WARN_CONSTANT_CONVERSION = YES;
				CLANG_WARN_DEPRECATED_OBJC_IMPLEMENTATIONS = YES;
				CLANG_WARN_DIRECT_OBJC_ISA_USAGE = YES_ERROR;
				CLANG_WARN_DOCUMENTATION_COMMENTS = YES;
				CLANG_WARN_EMPTY_BODY = YES;
				CLANG_WARN_ENUM_CONVERSION = YES;
				CLANG_WARN_INFINITE_RECURSION = YES;
				CLANG_WARN_INT_CONVERSION = YES;
				CLANG_WARN_NON_LITERAL_NULL_CONVERSION = YES;
				CLANG_WARN_OBJC_IMPLICIT_RETAIN_SELF = YES;
				CLANG_WARN_OBJC_LITERAL_CONVERSION = YES;
				CLANG_WARN_OBJC_ROOT_CLASS = YES_ERROR;
				CLANG_WARN_QUOTED_INCLUDE_IN_FRAMEWORK_HEADER = YES;
				CLANG_WARN_RANGE_LOOP_ANALYSIS = YES;
				CLANG_WARN_STRICT_PROTOTYPES = YES;
				CLANG_WARN_SUSPICIOUS_MOVE = YES;
				CLANG_WARN_UNGUARDED_AVAILABILITY = YES_AGGRESSIVE;
				CLANG_WARN_UNREACHABLE_CODE = YES;
				CLANG_WARN__DUPLICATE_METHOD_MATCH = YES;
				COPY_PHASE_STRIP = NO;
				DEBUG_INFORMATION_FORMAT = dwarf;
				DEVELOPMENT_TEAM = 447AVTZYHV;
				ENABLE_STRICT_OBJC_MSGSEND = YES;
				ENABLE_TESTABILITY = YES;
				ENABLE_USER_SCRIPT_SANDBOXING = YES;
				GCC_C_LANGUAGE_STANDARD = gnu17;
				GCC_DYNAMIC_NO_PIC = NO;
				GCC_NO_COMMON_BLOCKS = YES;
				GCC_OPTIMIZATION_LEVEL = 0;
				GCC_PREPROCESSOR_DEFINITIONS = (
					"DEBUG=1",
					"$(inherited)",
				);
				GCC_WARN_64_TO_32_BIT_CONVERSION = YES;
				GCC_WARN_ABOUT_RETURN_TYPE = YES_ERROR;
				GCC_WARN_UNDECLARED_SELECTOR = YES;
				GCC_WARN_UNINITIALIZED_AUTOS = YES_AGGRESSIVE;
				GCC_WARN_UNUSED_FUNCTION = YES;
				GCC_WARN_UNUSED_VARIABLE = YES;
				IPHONEOS_DEPLOYMENT_TARGET = 26.2;
				LOCALIZATION_PREFERS_STRING_CATALOGS = YES;
				MTL_ENABLE_DEBUG_INFO = INCLUDE_SOURCE;
				MTL_FAST_MATH = YES;
				ONLY_ACTIVE_ARCH = YES;
				SDKROOT = iphoneos;
				STRING_CATALOG_GENERATE_SYMBOLS = YES;
				SWIFT_ACTIVE_COMPILATION_CONDITIONS = "DEBUG $(inherited)";
				SWIFT_OPTIMIZATION_LEVEL = "-Onone";
			};
			name = Debug;
		};
		7367EEDD2EF6B81F0054FCA3 /* Release */ = {
			isa = XCBuildConfiguration;
			buildSettings = {
				ALWAYS_SEARCH_USER_PATHS = NO;
				ASSETCATALOG_COMPILER_GENERATE_SWIFT_ASSET_SYMBOL_EXTENSIONS = YES;
				CLANG_ANALYZER_NONNULL = YES;
				CLANG_ANALYZER_NUMBER_OBJECT_CONVERSION = YES_AGGRESSIVE;
				CLANG_CXX_LANGUAGE_STANDARD = "gnu++20";
				CLANG_ENABLE_MODULES = YES;
				CLANG_ENABLE_OBJC_ARC = YES;
				CLANG_ENABLE_OBJC_WEAK = YES;
				CLANG_WARN_BLOCK_CAPTURE_AUTORELEASING = YES;
				CLANG_WARN_BOOL_CONVERSION = YES;
				CLANG_WARN_COMMA = YES;
				CLANG_WARN_CONSTANT_CONVERSION = YES;
				CLANG_WARN_DEPRECATED_OBJC_IMPLEMENTATIONS = YES;
				CLANG_WARN_DIRECT_OBJC_ISA_USAGE = YES_ERROR;
				CLANG_WARN_DOCUMENTATION_COMMENTS = YES;
				CLANG_WARN_EMPTY_BODY = YES;
				CLANG_WARN_ENUM_CONVERSION = YES;
				CLANG_WARN_INFINITE_RECURSION = YES;
				CLANG_WARN_INT_CONVERSION = YES;
				CLANG_WARN_NON_LITERAL_NULL_CONVERSION = YES;
				CLANG_WARN_OBJC_IMPLICIT_RETAIN_SELF = YES;
				CLANG_WARN_OBJC_LITERAL_CONVERSION = YES;
				CLANG_WARN_OBJC_ROOT_CLASS = YES_ERROR;
				CLANG_WARN_QUOTED_INCLUDE_IN_FRAMEWORK_HEADER = YES;
				CLANG_WARN_RANGE_LOOP_ANALYSIS = YES;
				CLANG_WARN_STRICT_PROTOTYPES = YES;
				CLANG_WARN_SUSPICIOUS_MOVE = YES;
				CLANG_WARN_UNGUARDED_AVAILABILITY = YES_AGGRESSIVE;
				CLANG_WARN_UNREACHABLE_CODE = YES;
				CLANG_WARN__DUPLICATE_METHOD_MATCH = YES;
				COPY_PHASE_STRIP = NO;
				DEBUG_INFORMATION_FORMAT = "dwarf-with-dsym";
				DEVELOPMENT_TEAM = 447AVTZYHV;
				ENABLE_NS_ASSERTIONS = NO;
				ENABLE_STRICT_OBJC_MSGSEND = YES;
				ENABLE_USER_SCRIPT_SANDBOXING = YES;
				GCC_C_LANGUAGE_STANDARD = gnu17;
				GCC_NO_COMMON_BLOCKS = YES;
				GCC_WARN_64_TO_32_BIT_CONVERSION = YES;
				GCC_WARN_ABOUT_RETURN_TYPE = YES_ERROR;
				GCC_WARN_UNDECLARED_SELECTOR = YES;
				GCC_WARN_UNINITIALIZED_AUTOS = YES_AGGRESSIVE;
				GCC_WARN_UNUSED_FUNCTION = YES;
				GCC_WARN_UNUSED_VARIABLE = YES;
				IPHONEOS_DEPLOYMENT_TARGET = 26.2;
				LOCALIZATION_PREFERS_STRING_CATALOGS = YES;
				MTL_ENABLE_DEBUG_INFO = NO;
				MTL_FAST_MATH = YES;
				SDKROOT = iphoneos;
				STRING_CATALOG_GENERATE_SYMBOLS = YES;
				SWIFT_COMPILATION_MODE = wholemodule;
				VALIDATE_PRODUCT = YES;
			};
			name = Release;
		};
		7367EEDF2EF6B81F0054FCA3 /* Debug */ = {
			isa = XCBuildConfiguration;
			buildSettings = {
				ASSETCATALOG_COMPILER_APPICON_NAME = AppIcon;
				ASSETCATALOG_COMPILER_GLOBAL_ACCENT_COLOR_NAME = AccentColor;
				CODE_SIGN_STYLE = Automatic;
				CURRENT_PROJECT_VERSION = 1;
				DEVELOPMENT_TEAM = 447AVTZYHV;
				ENABLE_PREVIEWS = YES;
				GENERATE_INFOPLIST_FILE = YES;
				INFOPLIST_FILE = Info.plist;
				INFOPLIST_KEY_CFBundleDisplayName = "Super Duck";
				INFOPLIST_KEY_UIApplicationSceneManifest_Generation = YES;
				INFOPLIST_KEY_UIApplicationSupportsIndirectInputEvents = YES;
				INFOPLIST_KEY_UISupportedInterfaceOrientations_iPad = "UIInterfaceOrientationPortrait UIInterfaceOrientationPortraitUpsideDown UIInterfaceOrientationLandscapeLeft UIInterfaceOrientationLandscapeRight";
				INFOPLIST_KEY_UISupportedInterfaceOrientations_iPhone = "UIInterfaceOrientationPortrait UIInterfaceOrientationLandscapeLeft UIInterfaceOrientationLandscapeRight";
				IPHONEOS_DEPLOYMENT_TARGET = 18.0;
				LD_RUNPATH_SEARCH_PATHS = (
					"$(inherited)",
					"@executable_path/Frameworks",
				);
				MARKETING_VERSION = "1.0-beta.1";
				PRODUCT_BUNDLE_IDENTIFIER = au.com.theduckgroup.SuperDuck;
				PRODUCT_NAME = "$(TARGET_NAME)";
				STRING_CATALOG_GENERATE_SYMBOLS = YES;
				SWIFT_APPROACHABLE_CONCURRENCY = YES;
				SWIFT_DEFAULT_ACTOR_ISOLATION = MainActor;
				SWIFT_EMIT_LOC_STRINGS = YES;
				SWIFT_UPCOMING_FEATURE_MEMBER_IMPORT_VISIBILITY = YES;
				SWIFT_VERSION = 5.0;
				TARGETED_DEVICE_FAMILY = "1,2";
			};
			name = Debug;
		};
		7367EEE02EF6B81F0054FCA3 /* Release */ = {
			isa = XCBuildConfiguration;
			buildSettings = {
				ASSETCATALOG_COMPILER_APPICON_NAME = AppIcon;
				ASSETCATALOG_COMPILER_GLOBAL_ACCENT_COLOR_NAME = AccentColor;
				CODE_SIGN_STYLE = Automatic;
				CURRENT_PROJECT_VERSION = 1;
				DEVELOPMENT_TEAM = 447AVTZYHV;
				ENABLE_PREVIEWS = YES;
				GENERATE_INFOPLIST_FILE = YES;
				INFOPLIST_FILE = Info.plist;
				INFOPLIST_KEY_CFBundleDisplayName = "Super Duck";
				INFOPLIST_KEY_UIApplicationSceneManifest_Generation = YES;
				INFOPLIST_KEY_UIApplicationSupportsIndirectInputEvents = YES;
				INFOPLIST_KEY_UISupportedInterfaceOrientations_iPad = "UIInterfaceOrientationPortrait UIInterfaceOrientationPortraitUpsideDown UIInterfaceOrientationLandscapeLeft UIInterfaceOrientationLandscapeRight";
				INFOPLIST_KEY_UISupportedInterfaceOrientations_iPhone = "UIInterfaceOrientationPortrait UIInterfaceOrientationLandscapeLeft UIInterfaceOrientationLandscapeRight";
				IPHONEOS_DEPLOYMENT_TARGET = 18.0;
				LD_RUNPATH_SEARCH_PATHS = (
					"$(inherited)",
					"@executable_path/Frameworks",
				);
				MARKETING_VERSION = "1.0-beta.1";
				PRODUCT_BUNDLE_IDENTIFIER = au.com.theduckgroup.SuperDuck;
				PRODUCT_NAME = "$(TARGET_NAME)";
				STRING_CATALOG_GENERATE_SYMBOLS = YES;
				SWIFT_APPROACHABLE_CONCURRENCY = YES;
				SWIFT_DEFAULT_ACTOR_ISOLATION = MainActor;
				SWIFT_EMIT_LOC_STRINGS = YES;
				SWIFT_UPCOMING_FEATURE_MEMBER_IMPORT_VISIBILITY = YES;
				SWIFT_VERSION = 5.0;
				TARGETED_DEVICE_FAMILY = "1,2";
			};
			name = Release;
		};
		7367EF042EF6B99A0054FCA3 /* Debug */ = {
			isa = XCBuildConfiguration;
			buildSettings = {
				ASSETCATALOG_COMPILER_APPICON_NAME = AppIcon;
				ASSETCATALOG_COMPILER_GLOBAL_ACCENT_COLOR_NAME = AccentColor;
				CODE_SIGN_STYLE = Automatic;
				CURRENT_PROJECT_VERSION = 1;
				DEVELOPMENT_TEAM = 447AVTZYHV;
				ENABLE_PREVIEWS = YES;
				GENERATE_INFOPLIST_FILE = YES;
				INFOPLIST_FILE = Info.plist;
				INFOPLIST_KEY_CFBundleDisplayName = "Super Duck [local]";
				INFOPLIST_KEY_UIApplicationSceneManifest_Generation = YES;
				INFOPLIST_KEY_UIApplicationSupportsIndirectInputEvents = YES;
				INFOPLIST_KEY_UISupportedInterfaceOrientations_iPad = "UIInterfaceOrientationPortrait UIInterfaceOrientationPortraitUpsideDown UIInterfaceOrientationLandscapeLeft UIInterfaceOrientationLandscapeRight";
				INFOPLIST_KEY_UISupportedInterfaceOrientations_iPhone = "UIInterfaceOrientationPortrait UIInterfaceOrientationLandscapeLeft UIInterfaceOrientationLandscapeRight";
				IPHONEOS_DEPLOYMENT_TARGET = 18.0;
				LD_RUNPATH_SEARCH_PATHS = (
					"$(inherited)",
					"@executable_path/Frameworks",
				);
				MARKETING_VERSION = "1.0-beta.1";
				PRODUCT_BUNDLE_IDENTIFIER = "au.com.theduckgroup.SuperDuck-local";
				PRODUCT_NAME = "$(TARGET_NAME)";
				STRING_CATALOG_GENERATE_SYMBOLS = YES;
				SWIFT_APPROACHABLE_CONCURRENCY = YES;
				SWIFT_DEFAULT_ACTOR_ISOLATION = MainActor;
				SWIFT_EMIT_LOC_STRINGS = YES;
				SWIFT_UPCOMING_FEATURE_MEMBER_IMPORT_VISIBILITY = YES;
				SWIFT_VERSION = 5.0;
				TARGETED_DEVICE_FAMILY = "1,2";
			};
			name = Debug;
		};
		7367EF052EF6B99A0054FCA3 /* Release */ = {
			isa = XCBuildConfiguration;
			buildSettings = {
				ASSETCATALOG_COMPILER_APPICON_NAME = AppIcon;
				ASSETCATALOG_COMPILER_GLOBAL_ACCENT_COLOR_NAME = AccentColor;
				CODE_SIGN_STYLE = Automatic;
				CURRENT_PROJECT_VERSION = 1;
				DEVELOPMENT_TEAM = 447AVTZYHV;
				ENABLE_PREVIEWS = YES;
				GENERATE_INFOPLIST_FILE = YES;
				INFOPLIST_FILE = Info.plist;
				INFOPLIST_KEY_CFBundleDisplayName = "Super Duck [local]";
				INFOPLIST_KEY_UIApplicationSceneManifest_Generation = YES;
				INFOPLIST_KEY_UIApplicationSupportsIndirectInputEvents = YES;
				INFOPLIST_KEY_UISupportedInterfaceOrientations_iPad = "UIInterfaceOrientationPortrait UIInterfaceOrientationPortraitUpsideDown UIInterfaceOrientationLandscapeLeft UIInterfaceOrientationLandscapeRight";
				INFOPLIST_KEY_UISupportedInterfaceOrientations_iPhone = "UIInterfaceOrientationPortrait UIInterfaceOrientationLandscapeLeft UIInterfaceOrientationLandscapeRight";
				IPHONEOS_DEPLOYMENT_TARGET = 18.0;
				LD_RUNPATH_SEARCH_PATHS = (
					"$(inherited)",
					"@executable_path/Frameworks",
				);
				MARKETING_VERSION = "1.0-beta.1";
				PRODUCT_BUNDLE_IDENTIFIER = "au.com.theduckgroup.SuperDuck-local";
				PRODUCT_NAME = "$(TARGET_NAME)";
				STRING_CATALOG_GENERATE_SYMBOLS = YES;
				SWIFT_APPROACHABLE_CONCURRENCY = YES;
				SWIFT_DEFAULT_ACTOR_ISOLATION = MainActor;
				SWIFT_EMIT_LOC_STRINGS = YES;
				SWIFT_UPCOMING_FEATURE_MEMBER_IMPORT_VISIBILITY = YES;
				SWIFT_VERSION = 5.0;
				TARGETED_DEVICE_FAMILY = "1,2";
			};
			name = Release;
		};
/* End XCBuildConfiguration section */

/* Begin XCConfigurationList section */
		7367EECE2EF6B81D0054FCA3 /* Build configuration list for PBXProject "SuperDuck" */ = {
			isa = XCConfigurationList;
			buildConfigurations = (
				7367EEDC2EF6B81F0054FCA3 /* Debug */,
				7367EEDD2EF6B81F0054FCA3 /* Release */,
			);
			defaultConfigurationIsVisible = 0;
			defaultConfigurationName = Release;
		};
		7367EEDE2EF6B81F0054FCA3 /* Build configuration list for PBXNativeTarget "SuperDuck" */ = {
			isa = XCConfigurationList;
			buildConfigurations = (
				7367EEDF2EF6B81F0054FCA3 /* Debug */,
				7367EEE02EF6B81F0054FCA3 /* Release */,
			);
			defaultConfigurationIsVisible = 0;
			defaultConfigurationName = Release;
		};
		7367EF032EF6B99A0054FCA3 /* Build configuration list for PBXNativeTarget "SuperDuck-Local" */ = {
			isa = XCConfigurationList;
			buildConfigurations = (
				7367EF042EF6B99A0054FCA3 /* Debug */,
				7367EF052EF6B99A0054FCA3 /* Release */,
			);
			defaultConfigurationIsVisible = 0;
			defaultConfigurationName = Release;
		};
/* End XCConfigurationList section */

/* Begin XCRemoteSwiftPackageReference section */
		7367EFCB2EF6C3E10054FCA3 /* XCRemoteSwiftPackageReference "SwiftUI-Flow" */ = {
			isa = XCRemoteSwiftPackageReference;
			repositoryURL = "https://github.com/tevelee/SwiftUI-Flow";
			requirement = {
				kind = exactVersion;
				version = 3.1.1;
			};
		};
/* End XCRemoteSwiftPackageReference section */

/* Begin XCSwiftPackageProductDependency section */
		7367EEF12EF6B98E0054FCA3 /* Backend */ = {
			isa = XCSwiftPackageProductDependency;
			productName = Backend;
		};
		7367EEF32EF6B98E0054FCA3 /* Common */ = {
			isa = XCSwiftPackageProductDependency;
			productName = Common;
		};
		7367EEF52EF6B98E0054FCA3 /* CommonUI */ = {
			isa = XCSwiftPackageProductDependency;
			productName = CommonUI;
		};
		7367EFCE2EF6C3ED0054FCA3 /* Flow */ = {
			isa = XCSwiftPackageProductDependency;
			package = 7367EFCB2EF6C3E10054FCA3 /* XCRemoteSwiftPackageReference "SwiftUI-Flow" */;
			productName = Flow;
		};
		7367F1DE2EF787A30054FCA3 /* Subsystems */ = {
			isa = XCSwiftPackageProductDependency;
			productName = Subsystems;
		};
		7367F1E02EF787A80054FCA3 /* Flow */ = {
			isa = XCSwiftPackageProductDependency;
			package = 7367EFCB2EF6C3E10054FCA3 /* XCRemoteSwiftPackageReference "SwiftUI-Flow" */;
			productName = Flow;
		};
		7367F1E22EF787B00054FCA3 /* Common */ = {
			isa = XCSwiftPackageProductDependency;
			productName = Common;
		};
		7367F1E42EF787B00054FCA3 /* CommonUI */ = {
			isa = XCSwiftPackageProductDependency;
			productName = CommonUI;
		};
/* End XCSwiftPackageProductDependency section */
	};
	rootObject = 7367EECB2EF6B81D0054FCA3 /* Project object */;
}
