// !$*UTF8*$!
{
	archiveVersion = 1;
	classes = {
	};
	objectVersion = 77;
	objects = {

/* Begin PBXBuildFile section */
		738F34192E97315000F876DB /* SwiftBSON in Frameworks */ = {isa = PBXBuildFile; productRef = 738F34182E97315000F876DB /* SwiftBSON */; };
		738F341B2E97315D00F876DB /* SwiftBSON in Frameworks */ = {isa = PBXBuildFile; productRef = 738F341A2E97315D00F876DB /* SwiftBSON */; };
		73B0BDDC2E968F0100501694 /* Auth in Frameworks */ = {isa = PBXBuildFile; productRef = 73B0BDDB2E968F0100501694 /* Auth */; };
		73B0BDDE2E968F1500501694 /* Auth in Frameworks */ = {isa = PBXBuildFile; productRef = 73B0BDDD2E968F1500501694 /* Auth */; };
		73B0BDE62E968FBB00501694 /* Supabase in Frameworks */ = {isa = PBXBuildFile; productRef = 73B0BDE52E968FBB00501694 /* Supabase */; };
		73B0BDE82E968FBF00501694 /* Supabase in Frameworks */ = {isa = PBXBuildFile; productRef = 73B0BDE72E968FBF00501694 /* Supabase */; };
		73D2F5FD2DCF19620012CCBE /* SocketIO in Frameworks */ = {isa = PBXBuildFile; productRef = 73D2F5FC2DCF19620012CCBE /* SocketIO */; };
		73D2F5FF2DCF196D0012CCBE /* Quiz-local.app in Resources */ = {isa = PBXBuildFile; fileRef = 73D2F5092DCC6E7D0012CCBE /* Quiz-local.app */; };
		73D2F6032DCF19720012CCBE /* SocketIO in Frameworks */ = {isa = PBXBuildFile; productRef = 73D2F6022DCF19720012CCBE /* SocketIO */; };
/* End PBXBuildFile section */

/* Begin PBXContainerItemProxy section */
		73D2F6002DCF196D0012CCBE /* PBXContainerItemProxy */ = {
			isa = PBXContainerItemProxy;
			containerPortal = 73B1F2962D694E8F0069610E /* Project object */;
			proxyType = 1;
			remoteGlobalIDString = 73D2F5022DCC6E7D0012CCBE;
			remoteInfo = "Inventory-local";
		};
/* End PBXContainerItemProxy section */

/* Begin PBXFileReference section */
		73B1F29E2D694E8F0069610E /* Quiz.app */ = {isa = PBXFileReference; explicitFileType = wrapper.application; includeInIndex = 0; path = Quiz.app; sourceTree = BUILT_PRODUCTS_DIR; };
		73D2F5092DCC6E7D0012CCBE /* Quiz-local.app */ = {isa = PBXFileReference; explicitFileType = wrapper.application; includeInIndex = 0; path = "Quiz-local.app"; sourceTree = BUILT_PRODUCTS_DIR; };
/* End PBXFileReference section */

/* Begin PBXFileSystemSynchronizedBuildFileExceptionSet section */
		73D2F50A2DCC6E7D0012CCBE /* Exceptions for "Sources" folder in "Quiz-local" target */ = {
			isa = PBXFileSystemSynchronizedBuildFileExceptionSet;
			membershipExceptions = (
				Info.plist,
			);
			target = 73D2F5022DCC6E7D0012CCBE /* Quiz-local */;
		};
		73D2F5202DCC87950012CCBE /* Exceptions for "Sources" folder in "Quiz" target */ = {
			isa = PBXFileSystemSynchronizedBuildFileExceptionSet;
			membershipExceptions = (
				Info.plist,
			);
			target = 73B1F29D2D694E8F0069610E /* Quiz */;
		};
/* End PBXFileSystemSynchronizedBuildFileExceptionSet section */

/* Begin PBXFileSystemSynchronizedRootGroup section */
		73B1F2A02D694E8F0069610E /* Sources */ = {
			isa = PBXFileSystemSynchronizedRootGroup;
			exceptions = (
				73D2F5202DCC87950012CCBE /* Exceptions for "Sources" folder in "Quiz" target */,
				73D2F50A2DCC6E7D0012CCBE /* Exceptions for "Sources" folder in "Quiz-local" target */,
			);
			path = Sources;
			sourceTree = "<group>";
		};
/* End PBXFileSystemSynchronizedRootGroup section */

/* Begin PBXFrameworksBuildPhase section */
		73B1F29B2D694E8F0069610E /* Frameworks */ = {
			isa = PBXFrameworksBuildPhase;
			buildActionMask = 2147483647;
			files = (
				738F341B2E97315D00F876DB /* SwiftBSON in Frameworks */,
				73B0BDDC2E968F0100501694 /* Auth in Frameworks */,
				73D2F6032DCF19720012CCBE /* SocketIO in Frameworks */,
				73B0BDE82E968FBF00501694 /* Supabase in Frameworks */,
			);
			runOnlyForDeploymentPostprocessing = 0;
		};
		73D2F5042DCC6E7D0012CCBE /* Frameworks */ = {
			isa = PBXFrameworksBuildPhase;
			buildActionMask = 2147483647;
			files = (
				738F34192E97315000F876DB /* SwiftBSON in Frameworks */,
				73B0BDDE2E968F1500501694 /* Auth in Frameworks */,
				73D2F5FD2DCF19620012CCBE /* SocketIO in Frameworks */,
				73B0BDE62E968FBB00501694 /* Supabase in Frameworks */,
			);
			runOnlyForDeploymentPostprocessing = 0;
		};
/* End PBXFrameworksBuildPhase section */

/* Begin PBXGroup section */
		73B1F2952D694E8F0069610E = {
			isa = PBXGroup;
			children = (
				73B1F2A02D694E8F0069610E /* Sources */,
				73D2F5FE2DCF196D0012CCBE /* Frameworks */,
				73B1F29F2D694E8F0069610E /* Products */,
			);
			sourceTree = "<group>";
		};
		73B1F29F2D694E8F0069610E /* Products */ = {
			isa = PBXGroup;
			children = (
				73B1F29E2D694E8F0069610E /* Quiz.app */,
				73D2F5092DCC6E7D0012CCBE /* Quiz-local.app */,
			);
			name = Products;
			sourceTree = "<group>";
		};
		73D2F5FE2DCF196D0012CCBE /* Frameworks */ = {
			isa = PBXGroup;
			children = (
			);
			name = Frameworks;
			sourceTree = "<group>";
		};
/* End PBXGroup section */

/* Begin PBXNativeTarget section */
		73B1F29D2D694E8F0069610E /* Quiz */ = {
			isa = PBXNativeTarget;
			buildConfigurationList = 73B1F2AE2D694E910069610E /* Build configuration list for PBXNativeTarget "Quiz" */;
			buildPhases = (
				73B1F29A2D694E8F0069610E /* Sources */,
				73B1F29B2D694E8F0069610E /* Frameworks */,
				73B1F29C2D694E8F0069610E /* Resources */,
			);
			buildRules = (
			);
			dependencies = (
				73D2F6012DCF196D0012CCBE /* PBXTargetDependency */,
			);
			fileSystemSynchronizedGroups = (
				73B1F2A02D694E8F0069610E /* Sources */,
			);
			name = Quiz;
			packageProductDependencies = (
				73D2F6022DCF19720012CCBE /* SocketIO */,
				73B0BDDB2E968F0100501694 /* Auth */,
				73B0BDE72E968FBF00501694 /* Supabase */,
				738F341A2E97315D00F876DB /* SwiftBSON */,
			);
			productName = Inventory;
			productReference = 73B1F29E2D694E8F0069610E /* Quiz.app */;
			productType = "com.apple.product-type.application";
		};
		73D2F5022DCC6E7D0012CCBE /* Quiz-local */ = {
			isa = PBXNativeTarget;
			buildConfigurationList = 73D2F5062DCC6E7D0012CCBE /* Build configuration list for PBXNativeTarget "Quiz-local" */;
			buildPhases = (
				73D2F5032DCC6E7D0012CCBE /* Sources */,
				73D2F5042DCC6E7D0012CCBE /* Frameworks */,
				73D2F5052DCC6E7D0012CCBE /* Resources */,
			);
			buildRules = (
			);
			dependencies = (
			);
			fileSystemSynchronizedGroups = (
				73B1F2A02D694E8F0069610E /* Sources */,
			);
			name = "Quiz-local";
			packageProductDependencies = (
				73D2F5FC2DCF19620012CCBE /* SocketIO */,
				73B0BDDD2E968F1500501694 /* Auth */,
				73B0BDE52E968FBB00501694 /* Supabase */,
				738F34182E97315000F876DB /* SwiftBSON */,
			);
			productName = Inventory;
			productReference = 73D2F5092DCC6E7D0012CCBE /* Quiz-local.app */;
			productType = "com.apple.product-type.application";
		};
/* End PBXNativeTarget section */

/* Begin PBXProject section */
		73B1F2962D694E8F0069610E /* Project object */ = {
			isa = PBXProject;
			attributes = {
				BuildIndependentTargetsInParallel = 1;
				LastSwiftUpdateCheck = 1620;
				LastUpgradeCheck = 1620;
				TargetAttributes = {
					73B1F29D2D694E8F0069610E = {
						CreatedOnToolsVersion = 16.2;
					};
				};
			};
			buildConfigurationList = 73B1F2992D694E8F0069610E /* Build configuration list for PBXProject "Quiz" */;
			developmentRegion = en;
			hasScannedForEncodings = 0;
			knownRegions = (
				en,
				Base,
			);
			mainGroup = 73B1F2952D694E8F0069610E;
			minimizedProjectReferenceProxies = 1;
			packageReferences = (
				73D2F5FB2DCF19620012CCBE /* XCRemoteSwiftPackageReference "socket" */,
				73B0BDDA2E968F0100501694 /* XCRemoteSwiftPackageReference "supabase-swift" */,
				738F34172E97315000F876DB /* XCRemoteSwiftPackageReference "swift-bson" */,
			);
			preferredProjectObjectVersion = 77;
			productRefGroup = 73B1F29F2D694E8F0069610E /* Products */;
			projectDirPath = "";
			projectRoot = "";
			targets = (
				73B1F29D2D694E8F0069610E /* Quiz */,
				73D2F5022DCC6E7D0012CCBE /* Quiz-local */,
			);
		};
/* End PBXProject section */

/* Begin PBXResourcesBuildPhase section */
		73B1F29C2D694E8F0069610E /* Resources */ = {
			isa = PBXResourcesBuildPhase;
			buildActionMask = 2147483647;
			files = (
				73D2F5FF2DCF196D0012CCBE /* Quiz-local.app in Resources */,
			);
			runOnlyForDeploymentPostprocessing = 0;
		};
		73D2F5052DCC6E7D0012CCBE /* Resources */ = {
			isa = PBXResourcesBuildPhase;
			buildActionMask = 2147483647;
			files = (
			);
			runOnlyForDeploymentPostprocessing = 0;
		};
/* End PBXResourcesBuildPhase section */

/* Begin PBXSourcesBuildPhase section */
		73B1F29A2D694E8F0069610E /* Sources */ = {
			isa = PBXSourcesBuildPhase;
			buildActionMask = 2147483647;
			files = (
			);
			runOnlyForDeploymentPostprocessing = 0;
		};
		73D2F5032DCC6E7D0012CCBE /* Sources */ = {
			isa = PBXSourcesBuildPhase;
			buildActionMask = 2147483647;
			files = (
			);
			runOnlyForDeploymentPostprocessing = 0;
		};
/* End PBXSourcesBuildPhase section */

/* Begin PBXTargetDependency section */
		73D2F6012DCF196D0012CCBE /* PBXTargetDependency */ = {
			isa = PBXTargetDependency;
			target = 73D2F5022DCC6E7D0012CCBE /* Quiz-local */;
			targetProxy = 73D2F6002DCF196D0012CCBE /* PBXContainerItemProxy */;
		};
/* End PBXTargetDependency section */

/* Begin XCBuildConfiguration section */
		73B1F2AC2D694E910069610E /* Debug */ = {
			isa = XCBuildConfiguration;
			buildSettings = {
				ALWAYS_SEARCH_USER_PATHS = NO;
				ASSETCATALOG_COMPILER_GENERATE_SWIFT_ASSET_SYMBOL_EXTENSIONS = YES;
				CLANG_ANALYZER_NONNULL = YES;
				CLANG_ANALYZER_NUMBER_OBJECT_CONVERSION = YES_AGGRESSIVE;
				CLANG_CXX_LANGUAGE_STANDARD = "gnu++20";
				CLANG_ENABLE_MODULES = YES;
				CLANG_ENABLE_OBJC_ARC = YES;
				CLANG_ENABLE_OBJC_WEAK = YES;
				CLANG_WARN_BLOCK_CAPTURE_AUTORELEASING = YES;
				CLANG_WARN_BOOL_CONVERSION = YES;
				CLANG_WARN_COMMA = YES;
				CLANG_WARN_CONSTANT_CONVERSION = YES;
				CLANG_WARN_DEPRECATED_OBJC_IMPLEMENTATIONS = YES;
				CLANG_WARN_DIRECT_OBJC_ISA_USAGE = YES_ERROR;
				CLANG_WARN_DOCUMENTATION_COMMENTS = YES;
				CLANG_WARN_EMPTY_BODY = YES;
				CLANG_WARN_ENUM_CONVERSION = YES;
				CLANG_WARN_INFINITE_RECURSION = YES;
				CLANG_WARN_INT_CONVERSION = YES;
				CLANG_WARN_NON_LITERAL_NULL_CONVERSION = YES;
				CLANG_WARN_OBJC_IMPLICIT_RETAIN_SELF = YES;
				CLANG_WARN_OBJC_LITERAL_CONVERSION = YES;
				CLANG_WARN_OBJC_ROOT_CLASS = YES_ERROR;
				CLANG_WARN_QUOTED_INCLUDE_IN_FRAMEWORK_HEADER = YES;
				CLANG_WARN_RANGE_LOOP_ANALYSIS = YES;
				CLANG_WARN_STRICT_PROTOTYPES = YES;
				CLANG_WARN_SUSPICIOUS_MOVE = YES;
				CLANG_WARN_UNGUARDED_AVAILABILITY = YES_AGGRESSIVE;
				CLANG_WARN_UNREACHABLE_CODE = YES;
				CLANG_WARN__DUPLICATE_METHOD_MATCH = YES;
				COPY_PHASE_STRIP = NO;
				DEBUG_INFORMATION_FORMAT = "dwarf-with-dsym";
				ENABLE_STRICT_OBJC_MSGSEND = YES;
				ENABLE_TESTABILITY = YES;
				ENABLE_USER_SCRIPT_SANDBOXING = YES;
				GCC_C_LANGUAGE_STANDARD = gnu17;
				GCC_DYNAMIC_NO_PIC = NO;
				GCC_NO_COMMON_BLOCKS = YES;
				GCC_OPTIMIZATION_LEVEL = 0;
				GCC_PREPROCESSOR_DEFINITIONS = (
					"DEBUG=1",
					"$(inherited)",
				);
				GCC_WARN_64_TO_32_BIT_CONVERSION = YES;
				GCC_WARN_ABOUT_RETURN_TYPE = YES_ERROR;
				GCC_WARN_UNDECLARED_SELECTOR = YES;
				GCC_WARN_UNINITIALIZED_AUTOS = YES_AGGRESSIVE;
				GCC_WARN_UNUSED_FUNCTION = YES;
				GCC_WARN_UNUSED_VARIABLE = YES;
				IPHONEOS_DEPLOYMENT_TARGET = 18.2;
				LOCALIZATION_PREFERS_STRING_CATALOGS = YES;
				MTL_ENABLE_DEBUG_INFO = INCLUDE_SOURCE;
				MTL_FAST_MATH = YES;
				ONLY_ACTIVE_ARCH = YES;
				SDKROOT = iphoneos;
				SWIFT_ACTIVE_COMPILATION_CONDITIONS = "DEBUG $(inherited)";
				SWIFT_ENABLE_EXPLICIT_MODULES = YES;
				SWIFT_OPTIMIZATION_LEVEL = "-Onone";
				_EXPERIMENTAL_SWIFT_EXPLICIT_MODULES = YES;
			};
			name = Debug;
		};
		73B1F2AD2D694E910069610E /* Release */ = {
			isa = XCBuildConfiguration;
			buildSettings = {
				ALWAYS_SEARCH_USER_PATHS = NO;
				ASSETCATALOG_COMPILER_GENERATE_SWIFT_ASSET_SYMBOL_EXTENSIONS = YES;
				CLANG_ANALYZER_NONNULL = YES;
				CLANG_ANALYZER_NUMBER_OBJECT_CONVERSION = YES_AGGRESSIVE;
				CLANG_CXX_LANGUAGE_STANDARD = "gnu++20";
				CLANG_ENABLE_MODULES = YES;
				CLANG_ENABLE_OBJC_ARC = YES;
				CLANG_ENABLE_OBJC_WEAK = YES;
				CLANG_WARN_BLOCK_CAPTURE_AUTORELEASING = YES;
				CLANG_WARN_BOOL_CONVERSION = YES;
				CLANG_WARN_COMMA = YES;
				CLANG_WARN_CONSTANT_CONVERSION = YES;
				CLANG_WARN_DEPRECATED_OBJC_IMPLEMENTATIONS = YES;
				CLANG_WARN_DIRECT_OBJC_ISA_USAGE = YES_ERROR;
				CLANG_WARN_DOCUMENTATION_COMMENTS = YES;
				CLANG_WARN_EMPTY_BODY = YES;
				CLANG_WARN_ENUM_CONVERSION = YES;
				CLANG_WARN_INFINITE_RECURSION = YES;
				CLANG_WARN_INT_CONVERSION = YES;
				CLANG_WARN_NON_LITERAL_NULL_CONVERSION = YES;
				CLANG_WARN_OBJC_IMPLICIT_RETAIN_SELF = YES;
				CLANG_WARN_OBJC_LITERAL_CONVERSION = YES;
				CLANG_WARN_OBJC_ROOT_CLASS = YES_ERROR;
				CLANG_WARN_QUOTED_INCLUDE_IN_FRAMEWORK_HEADER = YES;
				CLANG_WARN_RANGE_LOOP_ANALYSIS = YES;
				CLANG_WARN_STRICT_PROTOTYPES = YES;
				CLANG_WARN_SUSPICIOUS_MOVE = YES;
				CLANG_WARN_UNGUARDED_AVAILABILITY = YES_AGGRESSIVE;
				CLANG_WARN_UNREACHABLE_CODE = YES;
				CLANG_WARN__DUPLICATE_METHOD_MATCH = YES;
				COPY_PHASE_STRIP = NO;
				DEBUG_INFORMATION_FORMAT = "dwarf-with-dsym";
				ENABLE_NS_ASSERTIONS = NO;
				ENABLE_STRICT_OBJC_MSGSEND = YES;
				ENABLE_USER_SCRIPT_SANDBOXING = YES;
				GCC_C_LANGUAGE_STANDARD = gnu17;
				GCC_NO_COMMON_BLOCKS = YES;
				GCC_WARN_64_TO_32_BIT_CONVERSION = YES;
				GCC_WARN_ABOUT_RETURN_TYPE = YES_ERROR;
				GCC_WARN_UNDECLARED_SELECTOR = YES;
				GCC_WARN_UNINITIALIZED_AUTOS = YES_AGGRESSIVE;
				GCC_WARN_UNUSED_FUNCTION = YES;
				GCC_WARN_UNUSED_VARIABLE = YES;
				IPHONEOS_DEPLOYMENT_TARGET = 18.2;
				LOCALIZATION_PREFERS_STRING_CATALOGS = YES;
				MTL_ENABLE_DEBUG_INFO = NO;
				MTL_FAST_MATH = YES;
				SDKROOT = iphoneos;
				SWIFT_COMPILATION_MODE = wholemodule;
				SWIFT_ENABLE_EXPLICIT_MODULES = YES;
				VALIDATE_PRODUCT = YES;
				_EXPERIMENTAL_SWIFT_EXPLICIT_MODULES = YES;
			};
			name = Release;
		};
		73B1F2AF2D694E910069610E /* Debug */ = {
			isa = XCBuildConfiguration;
			buildSettings = {
				ASSETCATALOG_COMPILER_APPICON_NAME = AppIcon;
				ASSETCATALOG_COMPILER_GLOBAL_ACCENT_COLOR_NAME = AccentColor;
				CODE_SIGN_STYLE = Automatic;
				CURRENT_PROJECT_VERSION = 1;
				DEVELOPMENT_ASSET_PATHS = "";
				DEVELOPMENT_TEAM = 447AVTZYHV;
				ENABLE_PREVIEWS = YES;
				GENERATE_INFOPLIST_FILE = YES;
				INFOPLIST_FILE = Sources/Info.plist;
				INFOPLIST_KEY_NSCameraUsageDescription = "Scan QR Code";
				INFOPLIST_KEY_UIApplicationSceneManifest_Generation = YES;
				INFOPLIST_KEY_UIApplicationSupportsIndirectInputEvents = YES;
				INFOPLIST_KEY_UISupportedInterfaceOrientations_iPad = "UIInterfaceOrientationPortrait UIInterfaceOrientationPortraitUpsideDown UIInterfaceOrientationLandscapeLeft UIInterfaceOrientationLandscapeRight";
				INFOPLIST_KEY_UISupportedInterfaceOrientations_iPhone = "UIInterfaceOrientationPortrait UIInterfaceOrientationLandscapeLeft UIInterfaceOrientationLandscapeRight";
				IPHONEOS_DEPLOYMENT_TARGET = 17.6;
				LD_RUNPATH_SEARCH_PATHS = (
					"$(inherited)",
					"@executable_path/Frameworks",
				);
				MARKETING_VERSION = 1.0;
				PRODUCT_BUNDLE_IDENTIFIER = au.com.theduckgroup.Quiz;
				PRODUCT_NAME = "$(TARGET_NAME)";
				SWIFT_EMIT_LOC_STRINGS = YES;
				SWIFT_VERSION = 5.0;
				TARGETED_DEVICE_FAMILY = "1,2";
			};
			name = Debug;
		};
		73B1F2B02D694E910069610E /* Release */ = {
			isa = XCBuildConfiguration;
			buildSettings = {
				ASSETCATALOG_COMPILER_APPICON_NAME = AppIcon;
				ASSETCATALOG_COMPILER_GLOBAL_ACCENT_COLOR_NAME = AccentColor;
				CODE_SIGN_STYLE = Automatic;
				CURRENT_PROJECT_VERSION = 1;
				DEVELOPMENT_ASSET_PATHS = "";
				DEVELOPMENT_TEAM = 447AVTZYHV;
				ENABLE_PREVIEWS = YES;
				GENERATE_INFOPLIST_FILE = YES;
				INFOPLIST_FILE = Sources/Info.plist;
				INFOPLIST_KEY_NSCameraUsageDescription = "Scan QR Code";
				INFOPLIST_KEY_UIApplicationSceneManifest_Generation = YES;
				INFOPLIST_KEY_UIApplicationSupportsIndirectInputEvents = YES;
				INFOPLIST_KEY_UISupportedInterfaceOrientations_iPad = "UIInterfaceOrientationPortrait UIInterfaceOrientationPortraitUpsideDown UIInterfaceOrientationLandscapeLeft UIInterfaceOrientationLandscapeRight";
				INFOPLIST_KEY_UISupportedInterfaceOrientations_iPhone = "UIInterfaceOrientationPortrait UIInterfaceOrientationLandscapeLeft UIInterfaceOrientationLandscapeRight";
				IPHONEOS_DEPLOYMENT_TARGET = 17.6;
				LD_RUNPATH_SEARCH_PATHS = (
					"$(inherited)",
					"@executable_path/Frameworks",
				);
				MARKETING_VERSION = 1.0;
				PRODUCT_BUNDLE_IDENTIFIER = au.com.theduckgroup.Quiz;
				PRODUCT_NAME = "$(TARGET_NAME)";
				SWIFT_EMIT_LOC_STRINGS = YES;
				SWIFT_VERSION = 5.0;
				TARGETED_DEVICE_FAMILY = "1,2";
			};
			name = Release;
		};
		73D2F5072DCC6E7D0012CCBE /* Debug */ = {
			isa = XCBuildConfiguration;
			buildSettings = {
				ASSETCATALOG_COMPILER_APPICON_NAME = AppIcon;
				ASSETCATALOG_COMPILER_GLOBAL_ACCENT_COLOR_NAME = AccentColor;
				CODE_SIGN_STYLE = Automatic;
				CURRENT_PROJECT_VERSION = 1;
				DEVELOPMENT_ASSET_PATHS = "";
				DEVELOPMENT_TEAM = 447AVTZYHV;
				ENABLE_PREVIEWS = YES;
				GENERATE_INFOPLIST_FILE = YES;
				INFOPLIST_FILE = Sources/Info.plist;
				INFOPLIST_KEY_CFBundleDisplayName = "Test [local]";
				INFOPLIST_KEY_NSCameraUsageDescription = "Scan QR Code";
				INFOPLIST_KEY_UIApplicationSceneManifest_Generation = YES;
				INFOPLIST_KEY_UIApplicationSupportsIndirectInputEvents = YES;
				INFOPLIST_KEY_UISupportedInterfaceOrientations_iPad = "UIInterfaceOrientationPortrait UIInterfaceOrientationPortraitUpsideDown UIInterfaceOrientationLandscapeLeft UIInterfaceOrientationLandscapeRight";
				INFOPLIST_KEY_UISupportedInterfaceOrientations_iPhone = "UIInterfaceOrientationPortrait UIInterfaceOrientationLandscapeLeft UIInterfaceOrientationLandscapeRight";
				IPHONEOS_DEPLOYMENT_TARGET = 17.6;
				LD_RUNPATH_SEARCH_PATHS = (
					"$(inherited)",
					"@executable_path/Frameworks",
				);
				MARKETING_VERSION = 1.0;
				PRODUCT_BUNDLE_IDENTIFIER = "au.com.theduckgroup.Quiz-local";
				PRODUCT_NAME = "$(TARGET_NAME)";
				SWIFT_EMIT_LOC_STRINGS = YES;
				SWIFT_VERSION = 5.0;
				TARGETED_DEVICE_FAMILY = "1,2";
			};
			name = Debug;
		};
		73D2F5082DCC6E7D0012CCBE /* Release */ = {
			isa = XCBuildConfiguration;
			buildSettings = {
				ASSETCATALOG_COMPILER_APPICON_NAME = AppIcon;
				ASSETCATALOG_COMPILER_GLOBAL_ACCENT_COLOR_NAME = AccentColor;
				CODE_SIGN_STYLE = Automatic;
				CURRENT_PROJECT_VERSION = 1;
				DEVELOPMENT_ASSET_PATHS = "";
				DEVELOPMENT_TEAM = 447AVTZYHV;
				ENABLE_PREVIEWS = YES;
				GENERATE_INFOPLIST_FILE = YES;
				INFOPLIST_FILE = Sources/Info.plist;
				INFOPLIST_KEY_CFBundleDisplayName = "Test [local]";
				INFOPLIST_KEY_NSCameraUsageDescription = "Scan QR Code";
				INFOPLIST_KEY_UIApplicationSceneManifest_Generation = YES;
				INFOPLIST_KEY_UIApplicationSupportsIndirectInputEvents = YES;
				INFOPLIST_KEY_UISupportedInterfaceOrientations_iPad = "UIInterfaceOrientationPortrait UIInterfaceOrientationPortraitUpsideDown UIInterfaceOrientationLandscapeLeft UIInterfaceOrientationLandscapeRight";
				INFOPLIST_KEY_UISupportedInterfaceOrientations_iPhone = "UIInterfaceOrientationPortrait UIInterfaceOrientationLandscapeLeft UIInterfaceOrientationLandscapeRight";
				IPHONEOS_DEPLOYMENT_TARGET = 17.6;
				LD_RUNPATH_SEARCH_PATHS = (
					"$(inherited)",
					"@executable_path/Frameworks",
				);
				MARKETING_VERSION = 1.0;
				PRODUCT_BUNDLE_IDENTIFIER = "au.com.theduckgroup.Quiz-local";
				PRODUCT_NAME = "$(TARGET_NAME)";
				SWIFT_EMIT_LOC_STRINGS = YES;
				SWIFT_VERSION = 5.0;
				TARGETED_DEVICE_FAMILY = "1,2";
			};
			name = Release;
		};
/* End XCBuildConfiguration section */

/* Begin XCConfigurationList section */
		73B1F2992D694E8F0069610E /* Build configuration list for PBXProject "Quiz" */ = {
			isa = XCConfigurationList;
			buildConfigurations = (
				73B1F2AC2D694E910069610E /* Debug */,
				73B1F2AD2D694E910069610E /* Release */,
			);
			defaultConfigurationIsVisible = 0;
			defaultConfigurationName = Release;
		};
		73B1F2AE2D694E910069610E /* Build configuration list for PBXNativeTarget "Quiz" */ = {
			isa = XCConfigurationList;
			buildConfigurations = (
				73B1F2AF2D694E910069610E /* Debug */,
				73B1F2B02D694E910069610E /* Release */,
			);
			defaultConfigurationIsVisible = 0;
			defaultConfigurationName = Release;
		};
		73D2F5062DCC6E7D0012CCBE /* Build configuration list for PBXNativeTarget "Quiz-local" */ = {
			isa = XCConfigurationList;
			buildConfigurations = (
				73D2F5072DCC6E7D0012CCBE /* Debug */,
				73D2F5082DCC6E7D0012CCBE /* Release */,
			);
			defaultConfigurationIsVisible = 0;
			defaultConfigurationName = Release;
		};
/* End XCConfigurationList section */

/* Begin XCRemoteSwiftPackageReference section */
		738F34172E97315000F876DB /* XCRemoteSwiftPackageReference "swift-bson" */ = {
			isa = XCRemoteSwiftPackageReference;
			repositoryURL = "https://github.com/mongodb/swift-bson";
			requirement = {
				kind = exactVersion;
				version = 3.1.0;
			};
		};
		73B0BDDA2E968F0100501694 /* XCRemoteSwiftPackageReference "supabase-swift" */ = {
			isa = XCRemoteSwiftPackageReference;
			repositoryURL = "https://github.com/supabase/supabase-swift.git";
			requirement = {
				kind = upToNextMajorVersion;
				minimumVersion = 2.5.1;
			};
		};
		73D2F5FB2DCF19620012CCBE /* XCRemoteSwiftPackageReference "socket" */ = {
			isa = XCRemoteSwiftPackageReference;
			repositoryURL = "https://github.com/socketio/socket.io-client-swift";
			requirement = {
				kind = upToNextMinorVersion;
				minimumVersion = 16.1.1;
			};
		};
/* End XCRemoteSwiftPackageReference section */

/* Begin XCSwiftPackageProductDependency section */
		738F34182E97315000F876DB /* SwiftBSON */ = {
			isa = XCSwiftPackageProductDependency;
			package = 738F34172E97315000F876DB /* XCRemoteSwiftPackageReference "swift-bson" */;
			productName = SwiftBSON;
		};
		738F341A2E97315D00F876DB /* SwiftBSON */ = {
			isa = XCSwiftPackageProductDependency;
			package = 738F34172E97315000F876DB /* XCRemoteSwiftPackageReference "swift-bson" */;
			productName = SwiftBSON;
		};
		73B0BDDB2E968F0100501694 /* Auth */ = {
			isa = XCSwiftPackageProductDependency;
			package = 73B0BDDA2E968F0100501694 /* XCRemoteSwiftPackageReference "supabase-swift" */;
			productName = Auth;
		};
		73B0BDDD2E968F1500501694 /* Auth */ = {
			isa = XCSwiftPackageProductDependency;
			package = 73B0BDDA2E968F0100501694 /* XCRemoteSwiftPackageReference "supabase-swift" */;
			productName = Auth;
		};
		73B0BDE52E968FBB00501694 /* Supabase */ = {
			isa = XCSwiftPackageProductDependency;
			package = 73B0BDDA2E968F0100501694 /* XCRemoteSwiftPackageReference "supabase-swift" */;
			productName = Supabase;
		};
		73B0BDE72E968FBF00501694 /* Supabase */ = {
			isa = XCSwiftPackageProductDependency;
			package = 73B0BDDA2E968F0100501694 /* XCRemoteSwiftPackageReference "supabase-swift" */;
			productName = Supabase;
		};
		73D2F5FC2DCF19620012CCBE /* SocketIO */ = {
			isa = XCSwiftPackageProductDependency;
			package = 73D2F5FB2DCF19620012CCBE /* XCRemoteSwiftPackageReference "socket" */;
			productName = SocketIO;
		};
		73D2F6022DCF19720012CCBE /* SocketIO */ = {
			isa = XCSwiftPackageProductDependency;
			package = 73D2F5FB2DCF19620012CCBE /* XCRemoteSwiftPackageReference "socket" */;
			productName = SocketIO;
		};
/* End XCSwiftPackageProductDependency section */
	};
	rootObject = 73B1F2962D694E8F0069610E /* Project object */;
}
